Microsoft Visual Studio Solution File, Format Version 12.00
# Visual Studio Version 17
VisualStudioVersion = 17.5.2.0
MinimumVisualStudioVersion = 10.0.40219.1
Project("{FAE04EC0-301F-11D3-BF4B-00C04F79EFBC}") = "stupid-piano-cs", "stupid-piano-cs.csproj", "{CE7BE1D7-A34D-7053-053F-9468B8D3CB01}"
EndProject
Global
	GlobalSection(SolutionConfigurationPlatforms) = preSolution
		Debug|Any CPU = Debug|Any CPU
		Release|Any CPU = Release|Any CPU
	EndGlobalSection
	GlobalSection(ProjectConfigurationPlatforms) = postSolution
		{CE7BE1D7-A34D-7053-053F-9468B8D3CB01}.Debug|Any CPU.ActiveCfg = Debug|Any CPU
		{CE7BE1D7-A34D-7053-053F-9468B8D3CB01}.Debug|Any CPU.Build.0 = Debug|Any CPU
		{CE7BE1D7-A34D-7053-053F-9468B8D3CB01}.Release|Any CPU.ActiveCfg = Release|Any CPU
		{CE7BE1D7-A34D-7053-053F-9468B8D3CB01}.Release|Any CPU.Build.0 = Release|Any CPU
	EndGlobalSection
	GlobalSection(SolutionProperties) = preSolution
		HideSolutionNode = FALSE
	EndGlobalSection
	GlobalSection(ExtensibilityGlobals) = postSolution
		SolutionGuid = {4F55B66A-F2EA-4F8D-BE5A-9820440E6B47}
	EndGlobalSection
EndGlobal
